
Microsoft Visual Studio Solution File, Format Version 12.00
# Visual Studio Version 16
VisualStudioVersion = 16.0.33328.57
MinimumVisualStudioVersion = 10.0.40219.1
Project("{FAE04EC0-301F-11D3-BF4B-00C04F79EFBC}") = "BankDynamic", "BankDynamic.csproj", "{6451EE66-9639-45E0-B027-76C2CBA5D7DC}"
EndProject
Global
	GlobalSection(SolutionConfigurationPlatforms) = preSolution
		Debug|Any CPU = Debug|Any CPU
		Release|Any CPU = Release|Any CPU
	EndGlobalSection
	GlobalSection(ProjectConfigurationPlatforms) = postSolution
		{6451EE66-9639-45E0-B027-76C2CBA5D7DC}.Debug|Any CPU.ActiveCfg = Debug|Any CPU
		{6451EE66-9639-45E0-B027-76C2CBA5D7DC}.Debug|Any CPU.Build.0 = Debug|Any CPU
		{6451EE66-9639-45E0-B027-76C2CBA5D7DC}.Release|Any CPU.ActiveCfg = Release|Any CPU
		{6451EE66-9639-45E0-B027-76C2CBA5D7DC}.Release|Any CPU.Build.0 = Release|Any CPU
	EndGlobalSection
	GlobalSection(SolutionProperties) = preSolution
		HideSolutionNode = FALSE
	EndGlobalSection
	GlobalSection(ExtensibilityGlobals) = postSolution
		SolutionGuid = {45378136-4889-48B0-8256-36B287D2D76A}
	EndGlobalSection
EndGlobal
